// !$*UTF8*$!
{
	archiveVersion = 1;
	classes = {
	};
	objectVersion = 55;
	objects = {

/* Begin PBXBuildFile section */
		1281EBED2747BD2100A8953F /* AppDelegate.swift in Sources */ = {isa = PBXBuildFile; fileRef = 1281EBEC2747BD2100A8953F /* AppDelegate.swift */; };
		1281EBEF2747BD2100A8953F /* SceneDelegate.swift in Sources */ = {isa = PBXBuildFile; fileRef = 1281EBEE2747BD2100A8953F /* SceneDelegate.swift */; };
		1281EBF12747BD2100A8953F /* TodoListViewController.swift in Sources */ = {isa = PBXBuildFile; fileRef = 1281EBF02747BD2100A8953F /* TodoListViewController.swift */; };
		1281EBF42747BD2100A8953F /* Main.storyboard in Resources */ = {isa = PBXBuildFile; fileRef = 1281EBF22747BD2100A8953F /* Main.storyboard */; };
		1281EBF72747BD2100A8953F /* TodoList.xcdatamodeld in Sources */ = {isa = PBXBuildFile; fileRef = 1281EBF52747BD2100A8953F /* TodoList.xcdatamodeld */; };
		1281EBF92747BD2A00A8953F /* Assets.xcassets in Resources */ = {isa = PBXBuildFile; fileRef = 1281EBF82747BD2A00A8953F /* Assets.xcassets */; };
		1281EBFC2747BD2A00A8953F /* LaunchScreen.storyboard in Resources */ = {isa = PBXBuildFile; fileRef = 1281EBFA2747BD2A00A8953F /* LaunchScreen.storyboard */; };
		1281EC072747C57000A8953F /* Pixelhour-R65A.ttf in Resources */ = {isa = PBXBuildFile; fileRef = 1281EC062747C57000A8953F /* Pixelhour-R65A.ttf */; };
/* End PBXBuildFile section */

/* Begin PBXFileReference section */
		1281EBE92747BD2100A8953F /* TodoList.app */ = {isa = PBXFileReference; explicitFileType = wrapper.application; includeInIndex = 0; path = TodoList.app; sourceTree = BUILT_PRODUCTS_DIR; };
		1281EBEC2747BD2100A8953F /* AppDelegate.swift */ = {isa = PBXFileReference; lastKnownFileType = sourcecode.swift; path = AppDelegate.swift; sourceTree = "<group>"; };
		1281EBEE2747BD2100A8953F /* SceneDelegate.swift */ = {isa = PBXFileReference; lastKnownFileType = sourcecode.swift; path = SceneDelegate.swift; sourceTree = "<group>"; };
		1281EBF02747BD2100A8953F /* TodoListViewController.swift */ = {isa = PBXFileReference; lastKnownFileType = sourcecode.swift; path = TodoListViewController.swift; sourceTree = "<group>"; };
		1281EBF32747BD2100A8953F /* Base */ = {isa = PBXFileReference; lastKnownFileType = file.storyboard; name = Base; path = Base.lproj/Main.storyboard; sourceTree = "<group>"; };
		1281EBF62747BD2100A8953F /* TodoList.xcdatamodel */ = {isa = PBXFileReference; lastKnownFileType = wrapper.xcdatamodel; path = TodoList.xcdatamodel; sourceTree = "<group>"; };
		1281EBF82747BD2A00A8953F /* Assets.xcassets */ = {isa = PBXFileReference; lastKnownFileType = folder.assetcatalog; path = Assets.xcassets; sourceTree = "<group>"; };
		1281EBFB2747BD2A00A8953F /* Base */ = {isa = PBXFileReference; lastKnownFileType = file.storyboard; name = Base; path = Base.lproj/LaunchScreen.storyboard; sourceTree = "<group>"; };
		1281EBFD2747BD2A00A8953F /* Info.plist */ = {isa = PBXFileReference; lastKnownFileType = text.plist.xml; path = Info.plist; sourceTree = "<group>"; };
		1281EC062747C57000A8953F /* Pixelhour-R65A.ttf */ = {isa = PBXFileReference; lastKnownFileType = file; path = "Pixelhour-R65A.ttf"; sourceTree = "<group>"; };
/* End PBXFileReference section */

/* Begin PBXFrameworksBuildPhase section */
		1281EBE62747BD2100A8953F /* Frameworks */ = {
			isa = PBXFrameworksBuildPhase;
			buildActionMask = 2147483647;
			files = (
			);
			runOnlyForDeploymentPostprocessing = 0;
		};
/* End PBXFrameworksBuildPhase section */

/* Begin PBXGroup section */
		1278F68B2748B018000B808F /* Controller */ = {
			isa = PBXGroup;
			children = (
				1281EBF02747BD2100A8953F /* TodoListViewController.swift */,
			);
			path = Controller;
			sourceTree = "<group>";
		};
		1278F68C2748B025000B808F /* View */ = {
			isa = PBXGroup;
			children = (
				1281EBF22747BD2100A8953F /* Main.storyboard */,
			);
			path = View;
			sourceTree = "<group>";
		};
		1278F68F2748B048000B808F /* Data Model */ = {
			isa = PBXGroup;
			children = (
				1281EBF52747BD2100A8953F /* TodoList.xcdatamodeld */,
			);
			path = "Data Model";
			sourceTree = "<group>";
		};
		1281EBE02747BD2100A8953F = {
			isa = PBXGroup;
			children = (
				1281EBEB2747BD2100A8953F /* TodoList */,
				1281EBEA2747BD2100A8953F /* Products */,
			);
			sourceTree = "<group>";
		};
		1281EBEA2747BD2100A8953F /* Products */ = {
			isa = PBXGroup;
			children = (
				1281EBE92747BD2100A8953F /* TodoList.app */,
			);
			name = Products;
			sourceTree = "<group>";
		};
		1281EBEB2747BD2100A8953F /* TodoList */ = {
			isa = PBXGroup;
			children = (
				1281EC052747C55F00A8953F /* Fonts */,
				1281EBEC2747BD2100A8953F /* AppDelegate.swift */,
				1281EBEE2747BD2100A8953F /* SceneDelegate.swift */,
				1278F68F2748B048000B808F /* Data Model */,
				1278F68B2748B018000B808F /* Controller */,
				1278F68C2748B025000B808F /* View */,
				1281EBF82747BD2A00A8953F /* Assets.xcassets */,
				1281EBFA2747BD2A00A8953F /* LaunchScreen.storyboard */,
				1281EBFD2747BD2A00A8953F /* Info.plist */,
			);
			path = TodoList;
			sourceTree = "<group>";
		};
		1281EC052747C55F00A8953F /* Fonts */ = {
			isa = PBXGroup;
			children = (
				1281EC062747C57000A8953F /* Pixelhour-R65A.ttf */,
			);
			path = Fonts;
			sourceTree = "<group>";
		};
/* End PBXGroup section */

/* Begin PBXNativeTarget section */
		1281EBE82747BD2100A8953F /* TodoList */ = {
			isa = PBXNativeTarget;
			buildConfigurationList = 1281EC002747BD2A00A8953F /* Build configuration list for PBXNativeTarget "TodoList" */;
			buildPhases = (
				1281EBE52747BD2100A8953F /* Sources */,
				1281EBE62747BD2100A8953F /* Frameworks */,
				1281EBE72747BD2100A8953F /* Resources */,
			);
			buildRules = (
			);
			dependencies = (
			);
			name = TodoList;
			productName = TodoList;
			productReference = 1281EBE92747BD2100A8953F /* TodoList.app */;
			productType = "com.apple.product-type.application";
		};
/* End PBXNativeTarget section */

/* Begin PBXProject section */
		1281EBE12747BD2100A8953F /* Project object */ = {
			isa = PBXProject;
			attributes = {
				BuildIndependentTargetsInParallel = 1;
				LastSwiftUpdateCheck = 1310;
				LastUpgradeCheck = 1310;
				TargetAttributes = {
					1281EBE82747BD2100A8953F = {
						CreatedOnToolsVersion = 13.1;
					};
				};
			};
			buildConfigurationList = 1281EBE42747BD2100A8953F /* Build configuration list for PBXProject "TodoList" */;
			compatibilityVersion = "Xcode 13.0";
			developmentRegion = en;
			hasScannedForEncodings = 0;
			knownRegions = (
				en,
				Base,
			);
			mainGroup = 1281EBE02747BD2100A8953F;
			productRefGroup = 1281EBEA2747BD2100A8953F /* Products */;
			projectDirPath = "";
			projectRoot = "";
			targets = (
				1281EBE82747BD2100A8953F /* TodoList */,
			);
		};
/* End PBXProject section */

/* Begin PBXResourcesBuildPhase section */
		1281EBE72747BD2100A8953F /* Resources */ = {
			isa = PBXResourcesBuildPhase;
			buildActionMask = 2147483647;
			files = (
				1281EBFC2747BD2A00A8953F /* LaunchScreen.storyboard in Resources */,
				1281EC072747C57000A8953F /* Pixelhour-R65A.ttf in Resources */,
				1281EBF92747BD2A00A8953F /* Assets.xcassets in Resources */,
				1281EBF42747BD2100A8953F /* Main.storyboard in Resources */,
			);
			runOnlyForDeploymentPostprocessing = 0;
		};
/* End PBXResourcesBuildPhase section */

/* Begin PBXSourcesBuildPhase section */
		1281EBE52747BD2100A8953F /* Sources */ = {
			isa = PBXSourcesBuildPhase;
			buildActionMask = 2147483647;
			files = (
				1281EBF12747BD2100A8953F /* TodoListViewController.swift in Sources */,
				1281EBED2747BD2100A8953F /* AppDelegate.swift in Sources */,
				1281EBEF2747BD2100A8953F /* SceneDelegate.swift in Sources */,
				1281EBF72747BD2100A8953F /* TodoList.xcdatamodeld in Sources */,
			);
			runOnlyForDeploymentPostprocessing = 0;
		};
/* End PBXSourcesBuildPhase section */

/* Begin PBXVariantGroup section */
		1281EBF22747BD2100A8953F /* Main.storyboard */ = {
			isa = PBXVariantGroup;
			children = (
				1281EBF32747BD2100A8953F /* Base */,
			);
			name = Main.storyboard;
			sourceTree = "<group>";
		};
		1281EBFA2747BD2A00A8953F /* LaunchScreen.storyboard */ = {
			isa = PBXVariantGroup;
			children = (
				1281EBFB2747BD2A00A8953F /* Base */,
			);
			name = LaunchScreen.storyboard;
			sourceTree = "<group>";
		};
/* End PBXVariantGroup section */

/* Begin XCBuildConfiguration section */
		1281EBFE2747BD2A00A8953F /* Debug */ = {
			isa = XCBuildConfiguration;
			buildSettings = {
				ALWAYS_SEARCH_USER_PATHS = NO;
				CLANG_ANALYZER_NONNULL = YES;
				CLANG_ANALYZER_NUMBER_OBJECT_CONVERSION = YES_AGGRESSIVE;
				CLANG_CXX_LANGUAGE_STANDARD = "gnu++17";
				CLANG_CXX_LIBRARY = "libc++";
				CLANG_ENABLE_MODULES = YES;
				CLANG_ENABLE_OBJC_ARC = YES;
				CLANG_ENABLE_OBJC_WEAK = YES;
				CLANG_WARN_BLOCK_CAPTURE_AUTORELEASING = YES;
				CLANG_WARN_BOOL_CONVERSION = YES;
				CLANG_WARN_COMMA = YES;
				CLANG_WARN_CONSTANT_CONVERSION = YES;
				CLANG_WARN_DEPRECATED_OBJC_IMPLEMENTATIONS = YES;
				CLANG_WARN_DIRECT_OBJC_ISA_USAGE = YES_ERROR;
				CLANG_WARN_DOCUMENTATION_COMMENTS = YES;
				CLANG_WARN_EMPTY_BODY = YES;
				CLANG_WARN_ENUM_CONVERSION = YES;
				CLANG_WARN_INFINITE_RECURSION = YES;
				CLANG_WARN_INT_CONVERSION = YES;
				CLANG_WARN_NON_LITERAL_NULL_CONVERSION = YES;
				CLANG_WARN_OBJC_IMPLICIT_RETAIN_SELF = YES;
				CLANG_WARN_OBJC_LITERAL_CONVERSION = YES;
				CLANG_WARN_OBJC_ROOT_CLASS = YES_ERROR;
				CLANG_WARN_QUOTED_INCLUDE_IN_FRAMEWORK_HEADER = YES;
				CLANG_WARN_RANGE_LOOP_ANALYSIS = YES;
				CLANG_WARN_STRICT_PROTOTYPES = YES;
				CLANG_WARN_SUSPICIOUS_MOVE = YES;
				CLANG_WARN_UNGUARDED_AVAILABILITY = YES_AGGRESSIVE;
				CLANG_WARN_UNREACHABLE_CODE = YES;
				CLANG_WARN__DUPLICATE_METHOD_MATCH = YES;
				COPY_PHASE_STRIP = NO;
				DEBUG_INFORMATION_FORMAT = dwarf;
				ENABLE_STRICT_OBJC_MSGSEND = YES;
				ENABLE_TESTABILITY = YES;
				GCC_C_LANGUAGE_STANDARD = gnu11;
				GCC_DYNAMIC_NO_PIC = NO;
				GCC_NO_COMMON_BLOCKS = YES;
				GCC_OPTIMIZATION_LEVEL = 0;
				GCC_PREPROCESSOR_DEFINITIONS = (
					"DEBUG=1",
					"$(inherited)",
				);
				GCC_WARN_64_TO_32_BIT_CONVERSION = YES;
				GCC_WARN_ABOUT_RETURN_TYPE = YES_ERROR;
				GCC_WARN_UNDECLARED_SELECTOR = YES;
				GCC_WARN_UNINITIALIZED_AUTOS = YES_AGGRESSIVE;
				GCC_WARN_UNUSED_FUNCTION = YES;
				GCC_WARN_UNUSED_VARIABLE = YES;
				IPHONEOS_DEPLOYMENT_TARGET = 15.0;
				MTL_ENABLE_DEBUG_INFO = INCLUDE_SOURCE;
				MTL_FAST_MATH = YES;
				ONLY_ACTIVE_ARCH = YES;
				SDKROOT = iphoneos;
				SWIFT_ACTIVE_COMPILATION_CONDITIONS = DEBUG;
				SWIFT_OPTIMIZATION_LEVEL = "-Onone";
			};
			name = Debug;
		};
		1281EBFF2747BD2A00A8953F /* Release */ = {
			isa = XCBuildConfiguration;
			buildSettings = {
				ALWAYS_SEARCH_USER_PATHS = NO;
				CLANG_ANALYZER_NONNULL = YES;
				CLANG_ANALYZER_NUMBER_OBJECT_CONVERSION = YES_AGGRESSIVE;
				CLANG_CXX_LANGUAGE_STANDARD = "gnu++17";
				CLANG_CXX_LIBRARY = "libc++";
				CLANG_ENABLE_MODULES = YES;
				CLANG_ENABLE_OBJC_ARC = YES;
				CLANG_ENABLE_OBJC_WEAK = YES;
				CLANG_WARN_BLOCK_CAPTURE_AUTORELEASING = YES;
				CLANG_WARN_BOOL_CONVERSION = YES;
				CLANG_WARN_COMMA = YES;
				CLANG_WARN_CONSTANT_CONVERSION = YES;
				CLANG_WARN_DEPRECATED_OBJC_IMPLEMENTATIONS = YES;
				CLANG_WARN_DIRECT_OBJC_ISA_USAGE = YES_ERROR;
				CLANG_WARN_DOCUMENTATION_COMMENTS = YES;
				CLANG_WARN_EMPTY_BODY = YES;
				CLANG_WARN_ENUM_CONVERSION = YES;
				CLANG_WARN_INFINITE_RECURSION = YES;
				CLANG_WARN_INT_CONVERSION = YES;
				CLANG_WARN_NON_LITERAL_NULL_CONVERSION = YES;
				CLANG_WARN_OBJC_IMPLICIT_RETAIN_SELF = YES;
				CLANG_WARN_OBJC_LITERAL_CONVERSION = YES;
				CLANG_WARN_OBJC_ROOT_CLASS = YES_ERROR;
				CLANG_WARN_QUOTED_INCLUDE_IN_FRAMEWORK_HEADER = YES;
				CLANG_WARN_RANGE_LOOP_ANALYSIS = YES;
				CLANG_WARN_STRICT_PROTOTYPES = YES;
				CLANG_WARN_SUSPICIOUS_MOVE = YES;
				CLANG_WARN_UNGUARDED_AVAILABILITY = YES_AGGRESSIVE;
				CLANG_WARN_UNREACHABLE_CODE = YES;
				CLANG_WARN__DUPLICATE_METHOD_MATCH = YES;
				COPY_PHASE_STRIP = NO;
				DEBUG_INFORMATION_FORMAT = "dwarf-with-dsym";
				ENABLE_NS_ASSERTIONS = NO;
				ENABLE_STRICT_OBJC_MSGSEND = YES;
				GCC_C_LANGUAGE_STANDARD = gnu11;
				GCC_NO_COMMON_BLOCKS = YES;
				GCC_WARN_64_TO_32_BIT_CONVERSION = YES;
				GCC_WARN_ABOUT_RETURN_TYPE = YES_ERROR;
				GCC_WARN_UNDECLARED_SELECTOR = YES;
				GCC_WARN_UNINITIALIZED_AUTOS = YES_AGGRESSIVE;
				GCC_WARN_UNUSED_FUNCTION = YES;
				GCC_WARN_UNUSED_VARIABLE = YES;
				IPHONEOS_DEPLOYMENT_TARGET = 15.0;
				MTL_ENABLE_DEBUG_INFO = NO;
				MTL_FAST_MATH = YES;
				SDKROOT = iphoneos;
				SWIFT_COMPILATION_MODE = wholemodule;
				SWIFT_OPTIMIZATION_LEVEL = "-O";
				VALIDATE_PRODUCT = YES;
			};
			name = Release;
		};
		1281EC012747BD2A00A8953F /* Debug */ = {
			isa = XCBuildConfiguration;
			buildSettings = {
				ASSETCATALOG_COMPILER_APPICON_NAME = AppIcon;
				ASSETCATALOG_COMPILER_GLOBAL_ACCENT_COLOR_NAME = AccentColor;
				CODE_SIGN_STYLE = Automatic;
				CURRENT_PROJECT_VERSION = 1;
				DEVELOPMENT_TEAM = N99J46FL9N;
				GENERATE_INFOPLIST_FILE = YES;
				INFOPLIST_FILE = TodoList/Info.plist;
				INFOPLIST_KEY_UIApplicationSupportsIndirectInputEvents = YES;
				INFOPLIST_KEY_UILaunchStoryboardName = LaunchScreen;
				INFOPLIST_KEY_UIMainStoryboardFile = Main;
				INFOPLIST_KEY_UISupportedInterfaceOrientations_iPad = "UIInterfaceOrientationPortrait UIInterfaceOrientationPortraitUpsideDown UIInterfaceOrientationLandscapeLeft UIInterfaceOrientationLandscapeRight";
				INFOPLIST_KEY_UISupportedInterfaceOrientations_iPhone = "UIInterfaceOrientationPortrait UIInterfaceOrientationLandscapeLeft UIInterfaceOrientationLandscapeRight";
				LD_RUNPATH_SEARCH_PATHS = (
					"$(inherited)",
					"@executable_path/Frameworks",
				);
				MARKETING_VERSION = 1.0;
				PRODUCT_BUNDLE_IDENTIFIER = com.maiuchida.TodoList;
				PRODUCT_NAME = "$(TARGET_NAME)";
				SWIFT_EMIT_LOC_STRINGS = YES;
				SWIFT_VERSION = 5.0;
				TARGETED_DEVICE_FAMILY = "1,2";
			};
			name = Debug;
		};
		1281EC022747BD2A00A8953F /* Release */ = {
			isa = XCBuildConfiguration;
			buildSettings = {
				ASSETCATALOG_COMPILER_APPICON_NAME = AppIcon;
				ASSETCATALOG_COMPILER_GLOBAL_ACCENT_COLOR_NAME = AccentColor;
				CODE_SIGN_STYLE = Automatic;
				CURRENT_PROJECT_VERSION = 1;
				DEVELOPMENT_TEAM = N99J46FL9N;
				GENERATE_INFOPLIST_FILE = YES;
				INFOPLIST_FILE = TodoList/Info.plist;
				INFOPLIST_KEY_UIApplicationSupportsIndirectInputEvents = YES;
				INFOPLIST_KEY_UILaunchStoryboardName = LaunchScreen;
				INFOPLIST_KEY_UIMainStoryboardFile = Main;
				INFOPLIST_KEY_UISupportedInterfaceOrientations_iPad = "UIInterfaceOrientationPortrait UIInterfaceOrientationPortraitUpsideDown UIInterfaceOrientationLandscapeLeft UIInterfaceOrientationLandscapeRight";
				INFOPLIST_KEY_UISupportedInterfaceOrientations_iPhone = "UIInterfaceOrientationPortrait UIInterfaceOrientationLandscapeLeft UIInterfaceOrientationLandscapeRight";
				LD_RUNPATH_SEARCH_PATHS = (
					"$(inherited)",
					"@executable_path/Frameworks",
				);
				MARKETING_VERSION = 1.0;
				PRODUCT_BUNDLE_IDENTIFIER = com.maiuchida.TodoList;
				PRODUCT_NAME = "$(TARGET_NAME)";
				SWIFT_EMIT_LOC_STRINGS = YES;
				SWIFT_VERSION = 5.0;
				TARGETED_DEVICE_FAMILY = "1,2";
			};
			name = Release;
		};
/* End XCBuildConfiguration section */

/* Begin XCConfigurationList section */
		1281EBE42747BD2100A8953F /* Build configuration list for PBXProject "TodoList" */ = {
			isa = XCConfigurationList;
			buildConfigurations = (
				1281EBFE2747BD2A00A8953F /* Debug */,
				1281EBFF2747BD2A00A8953F /* Release */,
			);
			defaultConfigurationIsVisible = 0;
			defaultConfigurationName = Release;
		};
		1281EC002747BD2A00A8953F /* Build configuration list for PBXNativeTarget "TodoList" */ = {
			isa = XCConfigurationList;
			buildConfigurations = (
				1281EC012747BD2A00A8953F /* Debug */,
				1281EC022747BD2A00A8953F /* Release */,
			);
			defaultConfigurationIsVisible = 0;
			defaultConfigurationName = Release;
		};
/* End XCConfigurationList section */

/* Begin XCVersionGroup section */
		1281EBF52747BD2100A8953F /* TodoList.xcdatamodeld */ = {
			isa = XCVersionGroup;
			children = (
				1281EBF62747BD2100A8953F /* TodoList.xcdatamodel */,
			);
			currentVersion = 1281EBF62747BD2100A8953F /* TodoList.xcdatamodel */;
			path = TodoList.xcdatamodeld;
			sourceTree = "<group>";
			versionGroupType = wrapper.xcdatamodel;
		};
/* End XCVersionGroup section */
	};
	rootObject = 1281EBE12747BD2100A8953F /* Project object */;
}
